
Microsoft Visual Studio Solution File, Format Version 12.00
# Visual Studio Version 17
VisualStudioVersion = 17.6.33829.357
MinimumVisualStudioVersion = 10.0.40219.1
Project("{FAE04EC0-301F-11D3-BF4B-00C04F79EFBC}") = "JiraNow", "JiraNow\JiraNow.csproj", "{173104A9-98E7-4951-9B5D-524D92967A09}"
EndProject
Global
	GlobalSection(SolutionConfigurationPlatforms) = preSolution
		Debug|Any CPU = Debug|Any CPU
		Release|Any CPU = Release|Any CPU
	EndGlobalSection
	GlobalSection(ProjectConfigurationPlatforms) = postSolution
		{173104A9-98E7-4951-9B5D-524D92967A09}.Debug|Any CPU.ActiveCfg = Debug|Any CPU
		{173104A9-98E7-4951-9B5D-524D92967A09}.Debug|Any CPU.Build.0 = Debug|Any CPU
		{173104A9-98E7-4951-9B5D-524D92967A09}.Release|Any CPU.ActiveCfg = Release|Any CPU
		{173104A9-98E7-4951-9B5D-524D92967A09}.Release|Any CPU.Build.0 = Release|Any CPU
	EndGlobalSection
	GlobalSection(SolutionProperties) = preSolution
		HideSolutionNode = FALSE
	EndGlobalSection
	GlobalSection(ExtensibilityGlobals) = postSolution
		SolutionGuid = {4C6FBB6C-0888-4162-91FA-98E02C44CD57}
	EndGlobalSection
EndGlobal
